
Microsoft Visual Studio Solution File, Format Version 12.00
# Visual Studio Version 17
VisualStudioVersion = 17.0.32014.148
MinimumVisualStudioVersion = 10.0.40219.1
Project("{FAE04EC0-301F-11D3-BF4B-00C04F79EFBC}") = "Oscilloscope_8chan_finite", "Oscilloscope_8chan_finite\Oscilloscope_8chan_finite.csproj", "{60737DBD-BE5C-42F6-AC2A-7E758662986A}"
EndProject
Global
	GlobalSection(SolutionConfigurationPlatforms) = preSolution
		Debug|Any CPU = Debug|Any CPU
		Release|Any CPU = Release|Any CPU
	EndGlobalSection
	GlobalSection(ProjectConfigurationPlatforms) = postSolution
		{60737DBD-BE5C-42F6-AC2A-7E758662986A}.Debug|Any CPU.ActiveCfg = Debug|Any CPU
		{60737DBD-BE5C-42F6-AC2A-7E758662986A}.Debug|Any CPU.Build.0 = Debug|Any CPU
		{60737DBD-BE5C-42F6-AC2A-7E758662986A}.Release|Any CPU.ActiveCfg = Release|Any CPU
		{60737DBD-BE5C-42F6-AC2A-7E758662986A}.Release|Any CPU.Build.0 = Release|Any CPU
	EndGlobalSection
	GlobalSection(SolutionProperties) = preSolution
		HideSolutionNode = FALSE
	EndGlobalSection
	GlobalSection(ExtensibilityGlobals) = postSolution
		SolutionGuid = {432E3AB4-96D4-448A-8568-CAF51689D671}
	EndGlobalSection
EndGlobal
